
Microsoft Visual Studio Solution File, Format Version 12.00
# Visual Studio Version 17
VisualStudioVersion = 17.3.32922.545
MinimumVisualStudioVersion = 10.0.40219.1
Project("{FAE04EC0-301F-11D3-BF4B-00C04F79EFBC}") = "Generics", "Generics\Generics.csproj", "{312E5555-2F66-493B-B988-52F18097399F}"
EndProject
Global
	GlobalSection(SolutionConfigurationPlatforms) = preSolution
		Debug|Any CPU = Debug|Any CPU
		Release|Any CPU = Release|Any CPU
	EndGlobalSection
	GlobalSection(ProjectConfigurationPlatforms) = postSolution
		{312E5555-2F66-493B-B988-52F18097399F}.Debug|Any CPU.ActiveCfg = Debug|Any CPU
		{312E5555-2F66-493B-B988-52F18097399F}.Debug|Any CPU.Build.0 = Debug|Any CPU
		{312E5555-2F66-493B-B988-52F18097399F}.Release|Any CPU.ActiveCfg = Release|Any CPU
		{312E5555-2F66-493B-B988-52F18097399F}.Release|Any CPU.Build.0 = Release|Any CPU
	EndGlobalSection
	GlobalSection(SolutionProperties) = preSolution
		HideSolutionNode = FALSE
	EndGlobalSection
	GlobalSection(ExtensibilityGlobals) = postSolution
		SolutionGuid = {22CCA55F-3A0F-45B3-B380-8CAFEE0A55AC}
	EndGlobalSection
EndGlobal
